// !$*UTF8*$!
{
	archiveVersion = 1;
	classes = {
	};
	objectVersion = 55;
	objects = {

/* Begin PBXBuildFile section */
		5640950C219F13ADB579256E /* Pods_InstagramTests.framework in Frameworks */ = {isa = PBXBuildFile; fileRef = E54CCAB4E15FB2B4EFC54B84 /* Pods_InstagramTests.framework */; };
		5C870B5D111A3FA29E4F9E71 /* Pods_Instagram.framework in Frameworks */ = {isa = PBXBuildFile; fileRef = 7EE7EA8EC4893A7AA4D84D1C /* Pods_Instagram.framework */; };
		7F1B978B286A42480087AC47 /* AppDelegate.m in Sources */ = {isa = PBXBuildFile; fileRef = 7F1B978A286A42480087AC47 /* AppDelegate.m */; };
		7F1B978E286A42480087AC47 /* SceneDelegate.m in Sources */ = {isa = PBXBuildFile; fileRef = 7F1B978D286A42480087AC47 /* SceneDelegate.m */; };
		7F1B9794286A42480087AC47 /* Main.storyboard in Resources */ = {isa = PBXBuildFile; fileRef = 7F1B9792286A42480087AC47 /* Main.storyboard */; };
		7F1B9796286A42490087AC47 /* Assets.xcassets in Resources */ = {isa = PBXBuildFile; fileRef = 7F1B9795286A42490087AC47 /* Assets.xcassets */; };
		7F1B9799286A42490087AC47 /* LaunchScreen.storyboard in Resources */ = {isa = PBXBuildFile; fileRef = 7F1B9797286A42490087AC47 /* LaunchScreen.storyboard */; };
		7F1B979C286A42490087AC47 /* main.m in Sources */ = {isa = PBXBuildFile; fileRef = 7F1B979B286A42490087AC47 /* main.m */; };
		7F1B97A6286A424A0087AC47 /* InstagramTests.m in Sources */ = {isa = PBXBuildFile; fileRef = 7F1B97A5286A424A0087AC47 /* InstagramTests.m */; };
		7F1B97B0286A424A0087AC47 /* InstagramUITests.m in Sources */ = {isa = PBXBuildFile; fileRef = 7F1B97AF286A424A0087AC47 /* InstagramUITests.m */; };
		7F1B97B2286A424A0087AC47 /* InstagramUITestsLaunchTests.m in Sources */ = {isa = PBXBuildFile; fileRef = 7F1B97B1286A424A0087AC47 /* InstagramUITestsLaunchTests.m */; };
		7F1B97C0286A49380087AC47 /* HomeViewController.m in Sources */ = {isa = PBXBuildFile; fileRef = 7F1B97BF286A49380087AC47 /* HomeViewController.m */; };
		7F1B97C3286A49400087AC47 /* ComposeViewController.m in Sources */ = {isa = PBXBuildFile; fileRef = 7F1B97C2286A49400087AC47 /* ComposeViewController.m */; };
		7F1B97C6286A494D0087AC47 /* LoginViewController.m in Sources */ = {isa = PBXBuildFile; fileRef = 7F1B97C5286A494D0087AC47 /* LoginViewController.m */; };
		7F1B97CA286A4B0A0087AC47 /* ProfileViewController.m in Sources */ = {isa = PBXBuildFile; fileRef = 7F1B97C9286A4B0A0087AC47 /* ProfileViewController.m */; };
		7F1B97D0286A4BE60087AC47 /* HomeTableCell.m in Sources */ = {isa = PBXBuildFile; fileRef = 7F1B97CF286A4BE60087AC47 /* HomeTableCell.m */; };
		7F1B97D9286A56BC0087AC47 /* Post.m in Sources */ = {isa = PBXBuildFile; fileRef = 7F1B97D8286A56BC0087AC47 /* Post.m */; };
		7F1B97DC286A66630087AC47 /* DetailViewController.m in Sources */ = {isa = PBXBuildFile; fileRef = 7F1B97DB286A66630087AC47 /* DetailViewController.m */; };
		7FDA609F286B7677002FF556 /* CommentCell.m in Sources */ = {isa = PBXBuildFile; fileRef = 7FDA609E286B7677002FF556 /* CommentCell.m */; };
		7FDA60A2286B7A76002FF556 /* EditProfileViewController.m in Sources */ = {isa = PBXBuildFile; fileRef = 7FDA60A1286B7A76002FF556 /* EditProfileViewController.m */; };
		7FDA60A5286B98DB002FF556 /* InstaUser.m in Sources */ = {isa = PBXBuildFile; fileRef = 7FDA60A4286B98DB002FF556 /* InstaUser.m */; };
		7FDA60A8286BC2F8002FF556 /* GridCell.m in Sources */ = {isa = PBXBuildFile; fileRef = 7FDA60A7286BC2F8002FF556 /* GridCell.m */; };
		7FDA60AF286E185D002FF556 /* Comment.m in Sources */ = {isa = PBXBuildFile; fileRef = 7FDA60AE286E185D002FF556 /* Comment.m */; };
		7FDA60B2286E53F5002FF556 /* CameraViewController.m in Sources */ = {isa = PBXBuildFile; fileRef = 7FDA60B1286E53F5002FF556 /* CameraViewController.m */; };
		9788FAA5B7AF57C9F556ADFD /* Pods_Instagram_InstagramUITests.framework in Frameworks */ = {isa = PBXBuildFile; fileRef = FAD199CBFA1E8CAFECB5684E /* Pods_Instagram_InstagramUITests.framework */; };
/* End PBXBuildFile section */

/* Begin PBXContainerItemProxy section */
		7F1B97A2286A424A0087AC47 /* PBXContainerItemProxy */ = {
			isa = PBXContainerItemProxy;
			containerPortal = 7F1B977E286A42480087AC47 /* Project object */;
			proxyType = 1;
			remoteGlobalIDString = 7F1B9785286A42480087AC47;
			remoteInfo = Instagram;
		};
		7F1B97AC286A424A0087AC47 /* PBXContainerItemProxy */ = {
			isa = PBXContainerItemProxy;
			containerPortal = 7F1B977E286A42480087AC47 /* Project object */;
			proxyType = 1;
			remoteGlobalIDString = 7F1B9785286A42480087AC47;
			remoteInfo = Instagram;
		};
/* End PBXContainerItemProxy section */

/* Begin PBXFileReference section */
		1A567635D4D4689410A564B6 /* Pods-Instagram.release.xcconfig */ = {isa = PBXFileReference; includeInIndex = 1; lastKnownFileType = text.xcconfig; name = "Pods-Instagram.release.xcconfig"; path = "Target Support Files/Pods-Instagram/Pods-Instagram.release.xcconfig"; sourceTree = "<group>"; };
		3B0978C1046C80BFCFD776D4 /* Pods-Instagram.debug.xcconfig */ = {isa = PBXFileReference; includeInIndex = 1; lastKnownFileType = text.xcconfig; name = "Pods-Instagram.debug.xcconfig"; path = "Target Support Files/Pods-Instagram/Pods-Instagram.debug.xcconfig"; sourceTree = "<group>"; };
		7EE7EA8EC4893A7AA4D84D1C /* Pods_Instagram.framework */ = {isa = PBXFileReference; explicitFileType = wrapper.framework; includeInIndex = 0; path = Pods_Instagram.framework; sourceTree = BUILT_PRODUCTS_DIR; };
		7F1B9786286A42480087AC47 /* Instagram.app */ = {isa = PBXFileReference; explicitFileType = wrapper.application; includeInIndex = 0; path = Instagram.app; sourceTree = BUILT_PRODUCTS_DIR; };
		7F1B9789286A42480087AC47 /* AppDelegate.h */ = {isa = PBXFileReference; lastKnownFileType = sourcecode.c.h; path = AppDelegate.h; sourceTree = "<group>"; };
		7F1B978A286A42480087AC47 /* AppDelegate.m */ = {isa = PBXFileReference; lastKnownFileType = sourcecode.c.objc; path = AppDelegate.m; sourceTree = "<group>"; };
		7F1B978C286A42480087AC47 /* SceneDelegate.h */ = {isa = PBXFileReference; lastKnownFileType = sourcecode.c.h; path = SceneDelegate.h; sourceTree = "<group>"; };
		7F1B978D286A42480087AC47 /* SceneDelegate.m */ = {isa = PBXFileReference; lastKnownFileType = sourcecode.c.objc; path = SceneDelegate.m; sourceTree = "<group>"; };
		7F1B9793286A42480087AC47 /* Base */ = {isa = PBXFileReference; lastKnownFileType = file.storyboard; name = Base; path = Base.lproj/Main.storyboard; sourceTree = "<group>"; };
		7F1B9795286A42490087AC47 /* Assets.xcassets */ = {isa = PBXFileReference; lastKnownFileType = folder.assetcatalog; path = Assets.xcassets; sourceTree = "<group>"; };
		7F1B9798286A42490087AC47 /* Base */ = {isa = PBXFileReference; lastKnownFileType = file.storyboard; name = Base; path = Base.lproj/LaunchScreen.storyboard; sourceTree = "<group>"; };
		7F1B979A286A42490087AC47 /* Info.plist */ = {isa = PBXFileReference; lastKnownFileType = text.plist.xml; path = Info.plist; sourceTree = "<group>"; };
		7F1B979B286A42490087AC47 /* main.m */ = {isa = PBXFileReference; lastKnownFileType = sourcecode.c.objc; path = main.m; sourceTree = "<group>"; };
		7F1B97A1286A424A0087AC47 /* InstagramTests.xctest */ = {isa = PBXFileReference; explicitFileType = wrapper.cfbundle; includeInIndex = 0; path = InstagramTests.xctest; sourceTree = BUILT_PRODUCTS_DIR; };
		7F1B97A5286A424A0087AC47 /* InstagramTests.m */ = {isa = PBXFileReference; lastKnownFileType = sourcecode.c.objc; path = InstagramTests.m; sourceTree = "<group>"; };
		7F1B97AB286A424A0087AC47 /* InstagramUITests.xctest */ = {isa = PBXFileReference; explicitFileType = wrapper.cfbundle; includeInIndex = 0; path = InstagramUITests.xctest; sourceTree = BUILT_PRODUCTS_DIR; };
		7F1B97AF286A424A0087AC47 /* InstagramUITests.m */ = {isa = PBXFileReference; lastKnownFileType = sourcecode.c.objc; path = InstagramUITests.m; sourceTree = "<group>"; };
		7F1B97B1286A424A0087AC47 /* InstagramUITestsLaunchTests.m */ = {isa = PBXFileReference; lastKnownFileType = sourcecode.c.objc; path = InstagramUITestsLaunchTests.m; sourceTree = "<group>"; };
		7F1B97BE286A49380087AC47 /* HomeViewController.h */ = {isa = PBXFileReference; lastKnownFileType = sourcecode.c.h; path = HomeViewController.h; sourceTree = "<group>"; };
		7F1B97BF286A49380087AC47 /* HomeViewController.m */ = {isa = PBXFileReference; lastKnownFileType = sourcecode.c.objc; path = HomeViewController.m; sourceTree = "<group>"; };
		7F1B97C1286A49400087AC47 /* ComposeViewController.h */ = {isa = PBXFileReference; lastKnownFileType = sourcecode.c.h; path = ComposeViewController.h; sourceTree = "<group>"; };
		7F1B97C2286A49400087AC47 /* ComposeViewController.m */ = {isa = PBXFileReference; lastKnownFileType = sourcecode.c.objc; path = ComposeViewController.m; sourceTree = "<group>"; };
		7F1B97C4286A494D0087AC47 /* LoginViewController.h */ = {isa = PBXFileReference; lastKnownFileType = sourcecode.c.h; path = LoginViewController.h; sourceTree = "<group>"; };
		7F1B97C5286A494D0087AC47 /* LoginViewController.m */ = {isa = PBXFileReference; lastKnownFileType = sourcecode.c.objc; path = LoginViewController.m; sourceTree = "<group>"; };
		7F1B97C8286A4B0A0087AC47 /* ProfileViewController.h */ = {isa = PBXFileReference; lastKnownFileType = sourcecode.c.h; path = ProfileViewController.h; sourceTree = "<group>"; };
		7F1B97C9286A4B0A0087AC47 /* ProfileViewController.m */ = {isa = PBXFileReference; lastKnownFileType = sourcecode.c.objc; path = ProfileViewController.m; sourceTree = "<group>"; };
		7F1B97CE286A4BE60087AC47 /* HomeTableCell.h */ = {isa = PBXFileReference; lastKnownFileType = sourcecode.c.h; path = HomeTableCell.h; sourceTree = "<group>"; };
		7F1B97CF286A4BE60087AC47 /* HomeTableCell.m */ = {isa = PBXFileReference; lastKnownFileType = sourcecode.c.objc; path = HomeTableCell.m; sourceTree = "<group>"; };
		7F1B97D7286A56BC0087AC47 /* Post.h */ = {isa = PBXFileReference; lastKnownFileType = sourcecode.c.h; path = Post.h; sourceTree = "<group>"; };
		7F1B97D8286A56BC0087AC47 /* Post.m */ = {isa = PBXFileReference; lastKnownFileType = sourcecode.c.objc; path = Post.m; sourceTree = "<group>"; };
		7F1B97DA286A66630087AC47 /* DetailViewController.h */ = {isa = PBXFileReference; lastKnownFileType = sourcecode.c.h; path = DetailViewController.h; sourceTree = "<group>"; };
		7F1B97DB286A66630087AC47 /* DetailViewController.m */ = {isa = PBXFileReference; lastKnownFileType = sourcecode.c.objc; path = DetailViewController.m; sourceTree = "<group>"; };
		7FDA609D286B7677002FF556 /* CommentCell.h */ = {isa = PBXFileReference; lastKnownFileType = sourcecode.c.h; path = CommentCell.h; sourceTree = "<group>"; };
		7FDA609E286B7677002FF556 /* CommentCell.m */ = {isa = PBXFileReference; lastKnownFileType = sourcecode.c.objc; path = CommentCell.m; sourceTree = "<group>"; };
		7FDA60A0286B7A76002FF556 /* EditProfileViewController.h */ = {isa = PBXFileReference; lastKnownFileType = sourcecode.c.h; path = EditProfileViewController.h; sourceTree = "<group>"; };
		7FDA60A1286B7A76002FF556 /* EditProfileViewController.m */ = {isa = PBXFileReference; lastKnownFileType = sourcecode.c.objc; path = EditProfileViewController.m; sourceTree = "<group>"; };
		7FDA60A3286B98DB002FF556 /* InstaUser.h */ = {isa = PBXFileReference; lastKnownFileType = sourcecode.c.h; path = InstaUser.h; sourceTree = "<group>"; };
		7FDA60A4286B98DB002FF556 /* InstaUser.m */ = {isa = PBXFileReference; lastKnownFileType = sourcecode.c.objc; path = InstaUser.m; sourceTree = "<group>"; };
		7FDA60A6286BC2F8002FF556 /* GridCell.h */ = {isa = PBXFileReference; lastKnownFileType = sourcecode.c.h; name = GridCell.h; path = Instagram/CollectionView/GridCell.h; sourceTree = SOURCE_ROOT; };
		7FDA60A7286BC2F8002FF556 /* GridCell.m */ = {isa = PBXFileReference; lastKnownFileType = sourcecode.c.objc; name = GridCell.m; path = Instagram/CollectionView/GridCell.m; sourceTree = SOURCE_ROOT; };
		7FDA60AD286E185D002FF556 /* Comment.h */ = {isa = PBXFileReference; lastKnownFileType = sourcecode.c.h; path = Comment.h; sourceTree = "<group>"; };
		7FDA60AE286E185D002FF556 /* Comment.m */ = {isa = PBXFileReference; lastKnownFileType = sourcecode.c.objc; path = Comment.m; sourceTree = "<group>"; };
		7FDA60B0286E53F5002FF556 /* CameraViewController.h */ = {isa = PBXFileReference; lastKnownFileType = sourcecode.c.h; path = CameraViewController.h; sourceTree = "<group>"; };
		7FDA60B1286E53F5002FF556 /* CameraViewController.m */ = {isa = PBXFileReference; lastKnownFileType = sourcecode.c.objc; path = CameraViewController.m; sourceTree = "<group>"; };
		91A823A63B4D40E85A073CE9 /* Pods-Instagram-InstagramUITests.debug.xcconfig */ = {isa = PBXFileReference; includeInIndex = 1; lastKnownFileType = text.xcconfig; name = "Pods-Instagram-InstagramUITests.debug.xcconfig"; path = "Target Support Files/Pods-Instagram-InstagramUITests/Pods-Instagram-InstagramUITests.debug.xcconfig"; sourceTree = "<group>"; };
		B5B3864C350D4A5EA1B2FABB /* Pods-InstagramTests.release.xcconfig */ = {isa = PBXFileReference; includeInIndex = 1; lastKnownFileType = text.xcconfig; name = "Pods-InstagramTests.release.xcconfig"; path = "Target Support Files/Pods-InstagramTests/Pods-InstagramTests.release.xcconfig"; sourceTree = "<group>"; };
		E307FB8B876D8313D46B68BB /* Pods-InstagramTests.debug.xcconfig */ = {isa = PBXFileReference; includeInIndex = 1; lastKnownFileType = text.xcconfig; name = "Pods-InstagramTests.debug.xcconfig"; path = "Target Support Files/Pods-InstagramTests/Pods-InstagramTests.debug.xcconfig"; sourceTree = "<group>"; };
		E356781DA3CF5C423DD05C17 /* Pods-Instagram-InstagramUITests.release.xcconfig */ = {isa = PBXFileReference; includeInIndex = 1; lastKnownFileType = text.xcconfig; name = "Pods-Instagram-InstagramUITests.release.xcconfig"; path = "Target Support Files/Pods-Instagram-InstagramUITests/Pods-Instagram-InstagramUITests.release.xcconfig"; sourceTree = "<group>"; };
		E54CCAB4E15FB2B4EFC54B84 /* Pods_InstagramTests.framework */ = {isa = PBXFileReference; explicitFileType = wrapper.framework; includeInIndex = 0; path = Pods_InstagramTests.framework; sourceTree = BUILT_PRODUCTS_DIR; };
		FAD199CBFA1E8CAFECB5684E /* Pods_Instagram_InstagramUITests.framework */ = {isa = PBXFileReference; explicitFileType = wrapper.framework; includeInIndex = 0; path = Pods_Instagram_InstagramUITests.framework; sourceTree = BUILT_PRODUCTS_DIR; };
/* End PBXFileReference section */

/* Begin PBXFrameworksBuildPhase section */
		7F1B9783286A42480087AC47 /* Frameworks */ = {
			isa = PBXFrameworksBuildPhase;
			buildActionMask = 2147483647;
			files = (
				5C870B5D111A3FA29E4F9E71 /* Pods_Instagram.framework in Frameworks */,
			);
			runOnlyForDeploymentPostprocessing = 0;
		};
		7F1B979E286A424A0087AC47 /* Frameworks */ = {
			isa = PBXFrameworksBuildPhase;
			buildActionMask = 2147483647;
			files = (
				5640950C219F13ADB579256E /* Pods_InstagramTests.framework in Frameworks */,
			);
			runOnlyForDeploymentPostprocessing = 0;
		};
		7F1B97A8286A424A0087AC47 /* Frameworks */ = {
			isa = PBXFrameworksBuildPhase;
			buildActionMask = 2147483647;
			files = (
				9788FAA5B7AF57C9F556ADFD /* Pods_Instagram_InstagramUITests.framework in Frameworks */,
			);
			runOnlyForDeploymentPostprocessing = 0;
		};
/* End PBXFrameworksBuildPhase section */

/* Begin PBXGroup section */
		2A05A75B8A94F9BF3140054F /* Frameworks */ = {
			isa = PBXGroup;
			children = (
				7EE7EA8EC4893A7AA4D84D1C /* Pods_Instagram.framework */,
				FAD199CBFA1E8CAFECB5684E /* Pods_Instagram_InstagramUITests.framework */,
				E54CCAB4E15FB2B4EFC54B84 /* Pods_InstagramTests.framework */,
			);
			name = Frameworks;
			sourceTree = "<group>";
		};
		7F1B977D286A42480087AC47 = {
			isa = PBXGroup;
			children = (
				7F1B9788286A42480087AC47 /* Instagram */,
				7F1B97A4286A424A0087AC47 /* InstagramTests */,
				7F1B97AE286A424A0087AC47 /* InstagramUITests */,
				7F1B9787286A42480087AC47 /* Products */,
				9E073B0871AE367D8839F8A1 /* Pods */,
				2A05A75B8A94F9BF3140054F /* Frameworks */,
			);
			sourceTree = "<group>";
		};
		7F1B9787286A42480087AC47 /* Products */ = {
			isa = PBXGroup;
			children = (
				7F1B9786286A42480087AC47 /* Instagram.app */,
				7F1B97A1286A424A0087AC47 /* InstagramTests.xctest */,
				7F1B97AB286A424A0087AC47 /* InstagramUITests.xctest */,
			);
			name = Products;
			sourceTree = "<group>";
		};
		7F1B9788286A42480087AC47 /* Instagram */ = {
			isa = PBXGroup;
			children = (
				7FDA60A9286BC300002FF556 /* CollectionView */,
				7F1B9789286A42480087AC47 /* AppDelegate.h */,
				7F1B978A286A42480087AC47 /* AppDelegate.m */,
				7F1B978C286A42480087AC47 /* SceneDelegate.h */,
				7F1B978D286A42480087AC47 /* SceneDelegate.m */,
				7F1B97D6286A56A20087AC47 /* Objects */,
				7F1B9792286A42480087AC47 /* Main.storyboard */,
				7F1B97D2286A4C070087AC47 /* TableView */,
				7F1B97C7286A49540087AC47 /* ViewControllers */,
				7F1B9795286A42490087AC47 /* Assets.xcassets */,
				7F1B9797286A42490087AC47 /* LaunchScreen.storyboard */,
				7F1B979A286A42490087AC47 /* Info.plist */,
				7F1B979B286A42490087AC47 /* main.m */,
			);
			path = Instagram;
			sourceTree = "<group>";
		};
		7F1B97A4286A424A0087AC47 /* InstagramTests */ = {
			isa = PBXGroup;
			children = (
				7F1B97A5286A424A0087AC47 /* InstagramTests.m */,
			);
			path = InstagramTests;
			sourceTree = "<group>";
		};
		7F1B97AE286A424A0087AC47 /* InstagramUITests */ = {
			isa = PBXGroup;
			children = (
				7F1B97AF286A424A0087AC47 /* InstagramUITests.m */,
				7F1B97B1286A424A0087AC47 /* InstagramUITestsLaunchTests.m */,
			);
			path = InstagramUITests;
			sourceTree = "<group>";
		};
		7F1B97C7286A49540087AC47 /* ViewControllers */ = {
			isa = PBXGroup;
			children = (
				7F1B97DA286A66630087AC47 /* DetailViewController.h */,
				7F1B97DB286A66630087AC47 /* DetailViewController.m */,
				7F1B97BE286A49380087AC47 /* HomeViewController.h */,
				7F1B97BF286A49380087AC47 /* HomeViewController.m */,
				7FDA60B0286E53F5002FF556 /* CameraViewController.h */,
				7FDA60B1286E53F5002FF556 /* CameraViewController.m */,
				7F1B97C1286A49400087AC47 /* ComposeViewController.h */,
				7F1B97C2286A49400087AC47 /* ComposeViewController.m */,
				7F1B97C4286A494D0087AC47 /* LoginViewController.h */,
				7F1B97C5286A494D0087AC47 /* LoginViewController.m */,
				7F1B97C8286A4B0A0087AC47 /* ProfileViewController.h */,
				7F1B97C9286A4B0A0087AC47 /* ProfileViewController.m */,
				7FDA60A0286B7A76002FF556 /* EditProfileViewController.h */,
				7FDA60A1286B7A76002FF556 /* EditProfileViewController.m */,
			);
			path = ViewControllers;
			sourceTree = "<group>";
		};
		7F1B97D2286A4C070087AC47 /* TableView */ = {
			isa = PBXGroup;
			children = (
				7F1B97CE286A4BE60087AC47 /* HomeTableCell.h */,
				7F1B97CF286A4BE60087AC47 /* HomeTableCell.m */,
				7FDA609D286B7677002FF556 /* CommentCell.h */,
				7FDA609E286B7677002FF556 /* CommentCell.m */,
			);
			path = TableView;
			sourceTree = "<group>";
		};
		7F1B97D6286A56A20087AC47 /* Objects */ = {
			isa = PBXGroup;
			children = (
				7F1B97D7286A56BC0087AC47 /* Post.h */,
				7F1B97D8286A56BC0087AC47 /* Post.m */,
				7FDA60AD286E185D002FF556 /* Comment.h */,
				7FDA60AE286E185D002FF556 /* Comment.m */,
				7FDA60A3286B98DB002FF556 /* InstaUser.h */,
				7FDA60A4286B98DB002FF556 /* InstaUser.m */,
			);
			path = Objects;
			sourceTree = "<group>";
		};
		7FDA60A9286BC300002FF556 /* CollectionView */ = {
			isa = PBXGroup;
			children = (
				7FDA60A6286BC2F8002FF556 /* GridCell.h */,
				7FDA60A7286BC2F8002FF556 /* GridCell.m */,
			);
			path = CollectionView;
			sourceTree = "<group>";
		};
		9E073B0871AE367D8839F8A1 /* Pods */ = {
			isa = PBXGroup;
			children = (
				3B0978C1046C80BFCFD776D4 /* Pods-Instagram.debug.xcconfig */,
				1A567635D4D4689410A564B6 /* Pods-Instagram.release.xcconfig */,
				91A823A63B4D40E85A073CE9 /* Pods-Instagram-InstagramUITests.debug.xcconfig */,
				E356781DA3CF5C423DD05C17 /* Pods-Instagram-InstagramUITests.release.xcconfig */,
				E307FB8B876D8313D46B68BB /* Pods-InstagramTests.debug.xcconfig */,
				B5B3864C350D4A5EA1B2FABB /* Pods-InstagramTests.release.xcconfig */,
			);
			path = Pods;
			sourceTree = "<group>";
		};
/* End PBXGroup section */

/* Begin PBXNativeTarget section */
		7F1B9785286A42480087AC47 /* Instagram */ = {
			isa = PBXNativeTarget;
			buildConfigurationList = 7F1B97B5286A424A0087AC47 /* Build configuration list for PBXNativeTarget "Instagram" */;
			buildPhases = (
				4382916B6ED7CCE29DF89006 /* [CP] Check Pods Manifest.lock */,
				7F1B9782286A42480087AC47 /* Sources */,
				7F1B9783286A42480087AC47 /* Frameworks */,
				7F1B9784286A42480087AC47 /* Resources */,
				1F8750FF992FBC8CF78DF790 /* [CP] Embed Pods Frameworks */,
			);
			buildRules = (
			);
			dependencies = (
			);
			name = Instagram;
			productName = Instagram;
			productReference = 7F1B9786286A42480087AC47 /* Instagram.app */;
			productType = "com.apple.product-type.application";
		};
		7F1B97A0286A424A0087AC47 /* InstagramTests */ = {
			isa = PBXNativeTarget;
			buildConfigurationList = 7F1B97B8286A424A0087AC47 /* Build configuration list for PBXNativeTarget "InstagramTests" */;
			buildPhases = (
				BF6D9F9F0479F623FE1C2CC2 /* [CP] Check Pods Manifest.lock */,
				7F1B979D286A424A0087AC47 /* Sources */,
				7F1B979E286A424A0087AC47 /* Frameworks */,
				7F1B979F286A424A0087AC47 /* Resources */,
			);
			buildRules = (
			);
			dependencies = (
				7F1B97A3286A424A0087AC47 /* PBXTargetDependency */,
			);
			name = InstagramTests;
			productName = InstagramTests;
			productReference = 7F1B97A1286A424A0087AC47 /* InstagramTests.xctest */;
			productType = "com.apple.product-type.bundle.unit-test";
		};
		7F1B97AA286A424A0087AC47 /* InstagramUITests */ = {
			isa = PBXNativeTarget;
			buildConfigurationList = 7F1B97BB286A424A0087AC47 /* Build configuration list for PBXNativeTarget "InstagramUITests" */;
			buildPhases = (
				4CAEE0B8EFF4C849AAA393AD /* [CP] Check Pods Manifest.lock */,
				7F1B97A7286A424A0087AC47 /* Sources */,
				7F1B97A8286A424A0087AC47 /* Frameworks */,
				7F1B97A9286A424A0087AC47 /* Resources */,
				71517EC5592C0F2860C2AC3B /* [CP] Embed Pods Frameworks */,
			);
			buildRules = (
			);
			dependencies = (
				7F1B97AD286A424A0087AC47 /* PBXTargetDependency */,
			);
			name = InstagramUITests;
			productName = InstagramUITests;
			productReference = 7F1B97AB286A424A0087AC47 /* InstagramUITests.xctest */;
			productType = "com.apple.product-type.bundle.ui-testing";
		};
/* End PBXNativeTarget section */

/* Begin PBXProject section */
		7F1B977E286A42480087AC47 /* Project object */ = {
			isa = PBXProject;
			attributes = {
				BuildIndependentTargetsInParallel = 1;
				LastUpgradeCheck = 1340;
				TargetAttributes = {
					7F1B9785286A42480087AC47 = {
						CreatedOnToolsVersion = 13.4;
					};
					7F1B97A0286A424A0087AC47 = {
						CreatedOnToolsVersion = 13.4;
						TestTargetID = 7F1B9785286A42480087AC47;
					};
					7F1B97AA286A424A0087AC47 = {
						CreatedOnToolsVersion = 13.4;
						TestTargetID = 7F1B9785286A42480087AC47;
					};
				};
			};
			buildConfigurationList = 7F1B9781286A42480087AC47 /* Build configuration list for PBXProject "Instagram" */;
			compatibilityVersion = "Xcode 13.0";
			developmentRegion = en;
			hasScannedForEncodings = 0;
			knownRegions = (
				en,
				Base,
			);
			mainGroup = 7F1B977D286A42480087AC47;
			productRefGroup = 7F1B9787286A42480087AC47 /* Products */;
			projectDirPath = "";
			projectRoot = "";
			targets = (
				7F1B9785286A42480087AC47 /* Instagram */,
				7F1B97A0286A424A0087AC47 /* InstagramTests */,
				7F1B97AA286A424A0087AC47 /* InstagramUITests */,
			);
		};
/* End PBXProject section */

/* Begin PBXResourcesBuildPhase section */
		7F1B9784286A42480087AC47 /* Resources */ = {
			isa = PBXResourcesBuildPhase;
			buildActionMask = 2147483647;
			files = (
				7F1B9799286A42490087AC47 /* LaunchScreen.storyboard in Resources */,
				7F1B9796286A42490087AC47 /* Assets.xcassets in Resources */,
				7F1B9794286A42480087AC47 /* Main.storyboard in Resources */,
			);
			runOnlyForDeploymentPostprocessing = 0;
		};
		7F1B979F286A424A0087AC47 /* Resources */ = {
			isa = PBXResourcesBuildPhase;
			buildActionMask = 2147483647;
			files = (
			);
			runOnlyForDeploymentPostprocessing = 0;
		};
		7F1B97A9286A424A0087AC47 /* Resources */ = {
			isa = PBXResourcesBuildPhase;
			buildActionMask = 2147483647;
			files = (
			);
			runOnlyForDeploymentPostprocessing = 0;
		};
/* End PBXResourcesBuildPhase section */

/* Begin PBXShellScriptBuildPhase section */
		1F8750FF992FBC8CF78DF790 /* [CP] Embed Pods Frameworks */ = {
			isa = PBXShellScriptBuildPhase;
			buildActionMask = 2147483647;
			files = (
			);
			inputFileListPaths = (
				"${PODS_ROOT}/Target Support Files/Pods-Instagram/Pods-Instagram-frameworks-${CONFIGURATION}-input-files.xcfilelist",
			);
			name = "[CP] Embed Pods Frameworks";
			outputFileListPaths = (
				"${PODS_ROOT}/Target Support Files/Pods-Instagram/Pods-Instagram-frameworks-${CONFIGURATION}-output-files.xcfilelist",
			);
			runOnlyForDeploymentPostprocessing = 0;
			shellPath = /bin/sh;
			shellScript = "\"${PODS_ROOT}/Target Support Files/Pods-Instagram/Pods-Instagram-frameworks.sh\"\n";
			showEnvVarsInLog = 0;
		};
		4382916B6ED7CCE29DF89006 /* [CP] Check Pods Manifest.lock */ = {
			isa = PBXShellScriptBuildPhase;
			buildActionMask = 2147483647;
			files = (
			);
			inputFileListPaths = (
			);
			inputPaths = (
				"${PODS_PODFILE_DIR_PATH}/Podfile.lock",
				"${PODS_ROOT}/Manifest.lock",
			);
			name = "[CP] Check Pods Manifest.lock";
			outputFileListPaths = (
			);
			outputPaths = (
				"$(DERIVED_FILE_DIR)/Pods-Instagram-checkManifestLockResult.txt",
			);
			runOnlyForDeploymentPostprocessing = 0;
			shellPath = /bin/sh;
			shellScript = "diff \"${PODS_PODFILE_DIR_PATH}/Podfile.lock\" \"${PODS_ROOT}/Manifest.lock\" > /dev/null\nif [ $? != 0 ] ; then\n    # print error to STDERR\n    echo \"error: The sandbox is not in sync with the Podfile.lock. Run 'pod install' or update your CocoaPods installation.\" >&2\n    exit 1\nfi\n# This output is used by Xcode 'outputs' to avoid re-running this script phase.\necho \"SUCCESS\" > \"${SCRIPT_OUTPUT_FILE_0}\"\n";
			showEnvVarsInLog = 0;
		};
		4CAEE0B8EFF4C849AAA393AD /* [CP] Check Pods Manifest.lock */ = {
			isa = PBXShellScriptBuildPhase;
			buildActionMask = 2147483647;
			files = (
			);
			inputFileListPaths = (
			);
			inputPaths = (
				"${PODS_PODFILE_DIR_PATH}/Podfile.lock",
				"${PODS_ROOT}/Manifest.lock",
			);
			name = "[CP] Check Pods Manifest.lock";
			outputFileListPaths = (
			);
			outputPaths = (
				"$(DERIVED_FILE_DIR)/Pods-Instagram-InstagramUITests-checkManifestLockResult.txt",
			);
			runOnlyForDeploymentPostprocessing = 0;
			shellPath = /bin/sh;
			shellScript = "diff \"${PODS_PODFILE_DIR_PATH}/Podfile.lock\" \"${PODS_ROOT}/Manifest.lock\" > /dev/null\nif [ $? != 0 ] ; then\n    # print error to STDERR\n    echo \"error: The sandbox is not in sync with the Podfile.lock. Run 'pod install' or update your CocoaPods installation.\" >&2\n    exit 1\nfi\n# This output is used by Xcode 'outputs' to avoid re-running this script phase.\necho \"SUCCESS\" > \"${SCRIPT_OUTPUT_FILE_0}\"\n";
			showEnvVarsInLog = 0;
		};
		71517EC5592C0F2860C2AC3B /* [CP] Embed Pods Frameworks */ = {
			isa = PBXShellScriptBuildPhase;
			buildActionMask = 2147483647;
			files = (
			);
			inputFileListPaths = (
				"${PODS_ROOT}/Target Support Files/Pods-Instagram-InstagramUITests/Pods-Instagram-InstagramUITests-frameworks-${CONFIGURATION}-input-files.xcfilelist",
			);
			name = "[CP] Embed Pods Frameworks";
			outputFileListPaths = (
				"${PODS_ROOT}/Target Support Files/Pods-Instagram-InstagramUITests/Pods-Instagram-InstagramUITests-frameworks-${CONFIGURATION}-output-files.xcfilelist",
			);
			runOnlyForDeploymentPostprocessing = 0;
			shellPath = /bin/sh;
			shellScript = "\"${PODS_ROOT}/Target Support Files/Pods-Instagram-InstagramUITests/Pods-Instagram-InstagramUITests-frameworks.sh\"\n";
			showEnvVarsInLog = 0;
		};
		BF6D9F9F0479F623FE1C2CC2 /* [CP] Check Pods Manifest.lock */ = {
			isa = PBXShellScriptBuildPhase;
			buildActionMask = 2147483647;
			files = (
			);
			inputFileListPaths = (
			);
			inputPaths = (
				"${PODS_PODFILE_DIR_PATH}/Podfile.lock",
				"${PODS_ROOT}/Manifest.lock",
			);
			name = "[CP] Check Pods Manifest.lock";
			outputFileListPaths = (
			);
			outputPaths = (
				"$(DERIVED_FILE_DIR)/Pods-InstagramTests-checkManifestLockResult.txt",
			);
			runOnlyForDeploymentPostprocessing = 0;
			shellPath = /bin/sh;
			shellScript = "diff \"${PODS_PODFILE_DIR_PATH}/Podfile.lock\" \"${PODS_ROOT}/Manifest.lock\" > /dev/null\nif [ $? != 0 ] ; then\n    # print error to STDERR\n    echo \"error: The sandbox is not in sync with the Podfile.lock. Run 'pod install' or update your CocoaPods installation.\" >&2\n    exit 1\nfi\n# This output is used by Xcode 'outputs' to avoid re-running this script phase.\necho \"SUCCESS\" > \"${SCRIPT_OUTPUT_FILE_0}\"\n";
			showEnvVarsInLog = 0;
		};
/* End PBXShellScriptBuildPhase section */

/* Begin PBXSourcesBuildPhase section */
		7F1B9782286A42480087AC47 /* Sources */ = {
			isa = PBXSourcesBuildPhase;
			buildActionMask = 2147483647;
			files = (
				7FDA609F286B7677002FF556 /* CommentCell.m in Sources */,
				7F1B978B286A42480087AC47 /* AppDelegate.m in Sources */,
				7F1B979C286A42490087AC47 /* main.m in Sources */,
				7F1B97D0286A4BE60087AC47 /* HomeTableCell.m in Sources */,
				7F1B97C6286A494D0087AC47 /* LoginViewController.m in Sources */,
				7F1B978E286A42480087AC47 /* SceneDelegate.m in Sources */,
				7F1B97CA286A4B0A0087AC47 /* ProfileViewController.m in Sources */,
				7F1B97DC286A66630087AC47 /* DetailViewController.m in Sources */,
				7FDA60A2286B7A76002FF556 /* EditProfileViewController.m in Sources */,
				7FDA60B2286E53F5002FF556 /* CameraViewController.m in Sources */,
				7F1B97C3286A49400087AC47 /* ComposeViewController.m in Sources */,
				7F1B97D9286A56BC0087AC47 /* Post.m in Sources */,
				7FDA60A8286BC2F8002FF556 /* GridCell.m in Sources */,
				7FDA60A5286B98DB002FF556 /* InstaUser.m in Sources */,
				7FDA60AF286E185D002FF556 /* Comment.m in Sources */,
				7F1B97C0286A49380087AC47 /* HomeViewController.m in Sources */,
			);
			runOnlyForDeploymentPostprocessing = 0;
		};
		7F1B979D286A424A0087AC47 /* Sources */ = {
			isa = PBXSourcesBuildPhase;
			buildActionMask = 2147483647;
			files = (
				7F1B97A6286A424A0087AC47 /* InstagramTests.m in Sources */,
			);
			runOnlyForDeploymentPostprocessing = 0;
		};
		7F1B97A7286A424A0087AC47 /* Sources */ = {
			isa = PBXSourcesBuildPhase;
			buildActionMask = 2147483647;
			files = (
				7F1B97B0286A424A0087AC47 /* InstagramUITests.m in Sources */,
				7F1B97B2286A424A0087AC47 /* InstagramUITestsLaunchTests.m in Sources */,
			);
			runOnlyForDeploymentPostprocessing = 0;
		};
/* End PBXSourcesBuildPhase section */

/* Begin PBXTargetDependency section */
		7F1B97A3286A424A0087AC47 /* PBXTargetDependency */ = {
			isa = PBXTargetDependency;
			target = 7F1B9785286A42480087AC47 /* Instagram */;
			targetProxy = 7F1B97A2286A424A0087AC47 /* PBXContainerItemProxy */;
		};
		7F1B97AD286A424A0087AC47 /* PBXTargetDependency */ = {
			isa = PBXTargetDependency;
			target = 7F1B9785286A42480087AC47 /* Instagram */;
			targetProxy = 7F1B97AC286A424A0087AC47 /* PBXContainerItemProxy */;
		};
/* End PBXTargetDependency section */

/* Begin PBXVariantGroup section */
		7F1B9792286A42480087AC47 /* Main.storyboard */ = {
			isa = PBXVariantGroup;
			children = (
				7F1B9793286A42480087AC47 /* Base */,
			);
			name = Main.storyboard;
			sourceTree = "<group>";
		};
		7F1B9797286A42490087AC47 /* LaunchScreen.storyboard */ = {
			isa = PBXVariantGroup;
			children = (
				7F1B9798286A42490087AC47 /* Base */,
			);
			name = LaunchScreen.storyboard;
			sourceTree = "<group>";
		};
/* End PBXVariantGroup section */

/* Begin XCBuildConfiguration section */
		7F1B97B3286A424A0087AC47 /* Debug */ = {
			isa = XCBuildConfiguration;
			buildSettings = {
				ALWAYS_SEARCH_USER_PATHS = NO;
				CLANG_ANALYZER_NONNULL = YES;
				CLANG_ANALYZER_NUMBER_OBJECT_CONVERSION = YES_AGGRESSIVE;
				CLANG_CXX_LANGUAGE_STANDARD = "gnu++17";
				CLANG_ENABLE_MODULES = YES;
				CLANG_ENABLE_OBJC_ARC = YES;
				CLANG_ENABLE_OBJC_WEAK = YES;
				CLANG_WARN_BLOCK_CAPTURE_AUTORELEASING = YES;
				CLANG_WARN_BOOL_CONVERSION = YES;
				CLANG_WARN_COMMA = YES;
				CLANG_WARN_CONSTANT_CONVERSION = YES;
				CLANG_WARN_DEPRECATED_OBJC_IMPLEMENTATIONS = YES;
				CLANG_WARN_DIRECT_OBJC_ISA_USAGE = YES_ERROR;
				CLANG_WARN_DOCUMENTATION_COMMENTS = YES;
				CLANG_WARN_EMPTY_BODY = YES;
				CLANG_WARN_ENUM_CONVERSION = YES;
				CLANG_WARN_INFINITE_RECURSION = YES;
				CLANG_WARN_INT_CONVERSION = YES;
				CLANG_WARN_NON_LITERAL_NULL_CONVERSION = YES;
				CLANG_WARN_OBJC_IMPLICIT_RETAIN_SELF = YES;
				CLANG_WARN_OBJC_LITERAL_CONVERSION = YES;
				CLANG_WARN_OBJC_ROOT_CLASS = YES_ERROR;
				CLANG_WARN_QUOTED_INCLUDE_IN_FRAMEWORK_HEADER = YES;
				CLANG_WARN_RANGE_LOOP_ANALYSIS = YES;
				CLANG_WARN_STRICT_PROTOTYPES = YES;
				CLANG_WARN_SUSPICIOUS_MOVE = YES;
				CLANG_WARN_UNGUARDED_AVAILABILITY = YES_AGGRESSIVE;
				CLANG_WARN_UNREACHABLE_CODE = YES;
				CLANG_WARN__DUPLICATE_METHOD_MATCH = YES;
				COPY_PHASE_STRIP = NO;
				DEBUG_INFORMATION_FORMAT = dwarf;
				ENABLE_STRICT_OBJC_MSGSEND = YES;
				ENABLE_TESTABILITY = YES;
				GCC_C_LANGUAGE_STANDARD = gnu11;
				GCC_DYNAMIC_NO_PIC = NO;
				GCC_NO_COMMON_BLOCKS = YES;
				GCC_OPTIMIZATION_LEVEL = 0;
				GCC_PREPROCESSOR_DEFINITIONS = (
					"DEBUG=1",
					"$(inherited)",
				);
				GCC_WARN_64_TO_32_BIT_CONVERSION = YES;
				GCC_WARN_ABOUT_RETURN_TYPE = YES_ERROR;
				GCC_WARN_UNDECLARED_SELECTOR = YES;
				GCC_WARN_UNINITIALIZED_AUTOS = YES_AGGRESSIVE;
				GCC_WARN_UNUSED_FUNCTION = YES;
				GCC_WARN_UNUSED_VARIABLE = YES;
				IPHONEOS_DEPLOYMENT_TARGET = 15.5;
				MTL_ENABLE_DEBUG_INFO = INCLUDE_SOURCE;
				MTL_FAST_MATH = YES;
				ONLY_ACTIVE_ARCH = YES;
				SDKROOT = iphoneos;
			};
			name = Debug;
		};
		7F1B97B4286A424A0087AC47 /* Release */ = {
			isa = XCBuildConfiguration;
			buildSettings = {
				ALWAYS_SEARCH_USER_PATHS = NO;
				CLANG_ANALYZER_NONNULL = YES;
				CLANG_ANALYZER_NUMBER_OBJECT_CONVERSION = YES_AGGRESSIVE;
				CLANG_CXX_LANGUAGE_STANDARD = "gnu++17";
				CLANG_ENABLE_MODULES = YES;
				CLANG_ENABLE_OBJC_ARC = YES;
				CLANG_ENABLE_OBJC_WEAK = YES;
				CLANG_WARN_BLOCK_CAPTURE_AUTORELEASING = YES;
				CLANG_WARN_BOOL_CONVERSION = YES;
				CLANG_WARN_COMMA = YES;
				CLANG_WARN_CONSTANT_CONVERSION = YES;
				CLANG_WARN_DEPRECATED_OBJC_IMPLEMENTATIONS = YES;
				CLANG_WARN_DIRECT_OBJC_ISA_USAGE = YES_ERROR;
				CLANG_WARN_DOCUMENTATION_COMMENTS = YES;
				CLANG_WARN_EMPTY_BODY = YES;
				CLANG_WARN_ENUM_CONVERSION = YES;
				CLANG_WARN_INFINITE_RECURSION = YES;
				CLANG_WARN_INT_CONVERSION = YES;
				CLANG_WARN_NON_LITERAL_NULL_CONVERSION = YES;
				CLANG_WARN_OBJC_IMPLICIT_RETAIN_SELF = YES;
				CLANG_WARN_OBJC_LITERAL_CONVERSION = YES;
				CLANG_WARN_OBJC_ROOT_CLASS = YES_ERROR;
				CLANG_WARN_QUOTED_INCLUDE_IN_FRAMEWORK_HEADER = YES;
				CLANG_WARN_RANGE_LOOP_ANALYSIS = YES;
				CLANG_WARN_STRICT_PROTOTYPES = YES;
				CLANG_WARN_SUSPICIOUS_MOVE = YES;
				CLANG_WARN_UNGUARDED_AVAILABILITY = YES_AGGRESSIVE;
				CLANG_WARN_UNREACHABLE_CODE = YES;
				CLANG_WARN__DUPLICATE_METHOD_MATCH = YES;
				COPY_PHASE_STRIP = NO;
				DEBUG_INFORMATION_FORMAT = "dwarf-with-dsym";
				ENABLE_NS_ASSERTIONS = NO;
				ENABLE_STRICT_OBJC_MSGSEND = YES;
				GCC_C_LANGUAGE_STANDARD = gnu11;
				GCC_NO_COMMON_BLOCKS = YES;
				GCC_WARN_64_TO_32_BIT_CONVERSION = YES;
				GCC_WARN_ABOUT_RETURN_TYPE = YES_ERROR;
				GCC_WARN_UNDECLARED_SELECTOR = YES;
				GCC_WARN_UNINITIALIZED_AUTOS = YES_AGGRESSIVE;
				GCC_WARN_UNUSED_FUNCTION = YES;
				GCC_WARN_UNUSED_VARIABLE = YES;
				IPHONEOS_DEPLOYMENT_TARGET = 15.5;
				MTL_ENABLE_DEBUG_INFO = NO;
				MTL_FAST_MATH = YES;
				SDKROOT = iphoneos;
				VALIDATE_PRODUCT = YES;
			};
			name = Release;
		};
		7F1B97B6286A424A0087AC47 /* Debug */ = {
			isa = XCBuildConfiguration;
			baseConfigurationReference = 3B0978C1046C80BFCFD776D4 /* Pods-Instagram.debug.xcconfig */;
			buildSettings = {
				ASSETCATALOG_COMPILER_APPICON_NAME = AppIcon;
				ASSETCATALOG_COMPILER_GLOBAL_ACCENT_COLOR_NAME = AccentColor;
				CODE_SIGN_STYLE = Automatic;
				CURRENT_PROJECT_VERSION = 1;
				DEVELOPMENT_TEAM = 25G94M7RTJ;
				GENERATE_INFOPLIST_FILE = YES;
				INFOPLIST_FILE = Instagram/Info.plist;
				INFOPLIST_KEY_UIApplicationSupportsIndirectInputEvents = YES;
				INFOPLIST_KEY_UILaunchStoryboardName = LaunchScreen;
				INFOPLIST_KEY_UIMainStoryboardFile = Main;
				INFOPLIST_KEY_UISupportedInterfaceOrientations_iPad = "UIInterfaceOrientationPortrait UIInterfaceOrientationPortraitUpsideDown UIInterfaceOrientationLandscapeLeft UIInterfaceOrientationLandscapeRight";
				INFOPLIST_KEY_UISupportedInterfaceOrientations_iPhone = "UIInterfaceOrientationPortrait UIInterfaceOrientationLandscapeLeft UIInterfaceOrientationLandscapeRight";
				LD_RUNPATH_SEARCH_PATHS = (
					"$(inherited)",
					"@executable_path/Frameworks",
				);
				MARKETING_VERSION = 1.0;
				PRODUCT_BUNDLE_IDENTIFIER = com.nbwu.Instagram;
				PRODUCT_NAME = "$(TARGET_NAME)";
				SWIFT_EMIT_LOC_STRINGS = YES;
				TARGETED_DEVICE_FAMILY = "1,2";
			};
			name = Debug;
		};
		7F1B97B7286A424A0087AC47 /* Release */ = {
			isa = XCBuildConfiguration;
			baseConfigurationReference = 1A567635D4D4689410A564B6 /* Pods-Instagram.release.xcconfig */;
			buildSettings = {
				ASSETCATALOG_COMPILER_APPICON_NAME = AppIcon;
				ASSETCATALOG_COMPILER_GLOBAL_ACCENT_COLOR_NAME = AccentColor;
				CODE_SIGN_STYLE = Automatic;
				CURRENT_PROJECT_VERSION = 1;
				DEVELOPMENT_TEAM = 25G94M7RTJ;
				GENERATE_INFOPLIST_FILE = YES;
				INFOPLIST_FILE = Instagram/Info.plist;
				INFOPLIST_KEY_UIApplicationSupportsIndirectInputEvents = YES;
				INFOPLIST_KEY_UILaunchStoryboardName = LaunchScreen;
				INFOPLIST_KEY_UIMainStoryboardFile = Main;
				INFOPLIST_KEY_UISupportedInterfaceOrientations_iPad = "UIInterfaceOrientationPortrait UIInterfaceOrientationPortraitUpsideDown UIInterfaceOrientationLandscapeLeft UIInterfaceOrientationLandscapeRight";
				INFOPLIST_KEY_UISupportedInterfaceOrientations_iPhone = "UIInterfaceOrientationPortrait UIInterfaceOrientationLandscapeLeft UIInterfaceOrientationLandscapeRight";
				LD_RUNPATH_SEARCH_PATHS = (
					"$(inherited)",
					"@executable_path/Frameworks",
				);
				MARKETING_VERSION = 1.0;
				PRODUCT_BUNDLE_IDENTIFIER = com.nbwu.Instagram;
				PRODUCT_NAME = "$(TARGET_NAME)";
				SWIFT_EMIT_LOC_STRINGS = YES;
				TARGETED_DEVICE_FAMILY = "1,2";
			};
			name = Release;
		};
		7F1B97B9286A424A0087AC47 /* Debug */ = {
			isa = XCBuildConfiguration;
			baseConfigurationReference = E307FB8B876D8313D46B68BB /* Pods-InstagramTests.debug.xcconfig */;
			buildSettings = {
				BUNDLE_LOADER = "$(TEST_HOST)";
				CODE_SIGN_STYLE = Automatic;
				CURRENT_PROJECT_VERSION = 1;
				DEVELOPMENT_TEAM = 25G94M7RTJ;
				GENERATE_INFOPLIST_FILE = YES;
				IPHONEOS_DEPLOYMENT_TARGET = 15.5;
				MARKETING_VERSION = 1.0;
				PRODUCT_BUNDLE_IDENTIFIER = com.nbwu.InstagramTests;
				PRODUCT_NAME = "$(TARGET_NAME)";
				SWIFT_EMIT_LOC_STRINGS = NO;
				TARGETED_DEVICE_FAMILY = "1,2";
				TEST_HOST = "$(BUILT_PRODUCTS_DIR)/Instagram.app/Instagram";
			};
			name = Debug;
		};
		7F1B97BA286A424A0087AC47 /* Release */ = {
			isa = XCBuildConfiguration;
			baseConfigurationReference = B5B3864C350D4A5EA1B2FABB /* Pods-InstagramTests.release.xcconfig */;
			buildSettings = {
				BUNDLE_LOADER = "$(TEST_HOST)";
				CODE_SIGN_STYLE = Automatic;
				CURRENT_PROJECT_VERSION = 1;
				DEVELOPMENT_TEAM = 25G94M7RTJ;
				GENERATE_INFOPLIST_FILE = YES;
				IPHONEOS_DEPLOYMENT_TARGET = 15.5;
				MARKETING_VERSION = 1.0;
				PRODUCT_BUNDLE_IDENTIFIER = com.nbwu.InstagramTests;
				PRODUCT_NAME = "$(TARGET_NAME)";
				SWIFT_EMIT_LOC_STRINGS = NO;
				TARGETED_DEVICE_FAMILY = "1,2";
				TEST_HOST = "$(BUILT_PRODUCTS_DIR)/Instagram.app/Instagram";
			};
			name = Release;
		};
		7F1B97BC286A424A0087AC47 /* Debug */ = {
			isa = XCBuildConfiguration;
			baseConfigurationReference = 91A823A63B4D40E85A073CE9 /* Pods-Instagram-InstagramUITests.debug.xcconfig */;
			buildSettings = {
				CODE_SIGN_STYLE = Automatic;
				CURRENT_PROJECT_VERSION = 1;
				DEVELOPMENT_TEAM = 25G94M7RTJ;
				GENERATE_INFOPLIST_FILE = YES;
				MARKETING_VERSION = 1.0;
				PRODUCT_BUNDLE_IDENTIFIER = com.nbwu.InstagramUITests;
				PRODUCT_NAME = "$(TARGET_NAME)";
				SWIFT_EMIT_LOC_STRINGS = NO;
				TARGETED_DEVICE_FAMILY = "1,2";
				TEST_TARGET_NAME = Instagram;
			};
			name = Debug;
		};
		7F1B97BD286A424A0087AC47 /* Release */ = {
			isa = XCBuildConfiguration;
			baseConfigurationReference = E356781DA3CF5C423DD05C17 /* Pods-Instagram-InstagramUITests.release.xcconfig */;
			buildSettings = {
				CODE_SIGN_STYLE = Automatic;
				CURRENT_PROJECT_VERSION = 1;
				DEVELOPMENT_TEAM = 25G94M7RTJ;
				GENERATE_INFOPLIST_FILE = YES;
				MARKETING_VERSION = 1.0;
				PRODUCT_BUNDLE_IDENTIFIER = com.nbwu.InstagramUITests;
				PRODUCT_NAME = "$(TARGET_NAME)";
				SWIFT_EMIT_LOC_STRINGS = NO;
				TARGETED_DEVICE_FAMILY = "1,2";
				TEST_TARGET_NAME = Instagram;
			};
			name = Release;
		};
/* End XCBuildConfiguration section */

/* Begin XCConfigurationList section */
		7F1B9781286A42480087AC47 /* Build configuration list for PBXProject "Instagram" */ = {
			isa = XCConfigurationList;
			buildConfigurations = (
				7F1B97B3286A424A0087AC47 /* Debug */,
				7F1B97B4286A424A0087AC47 /* Release */,
			);
			defaultConfigurationIsVisible = 0;
			defaultConfigurationName = Release;
		};
		7F1B97B5286A424A0087AC47 /* Build configuration list for PBXNativeTarget "Instagram" */ = {
			isa = XCConfigurationList;
			buildConfigurations = (
				7F1B97B6286A424A0087AC47 /* Debug */,
				7F1B97B7286A424A0087AC47 /* Release */,
			);
			defaultConfigurationIsVisible = 0;
			defaultConfigurationName = Release;
		};
		7F1B97B8286A424A0087AC47 /* Build configuration list for PBXNativeTarget "InstagramTests" */ = {
			isa = XCConfigurationList;
			buildConfigurations = (
				7F1B97B9286A424A0087AC47 /* Debug */,
				7F1B97BA286A424A0087AC47 /* Release */,
			);
			defaultConfigurationIsVisible = 0;
			defaultConfigurationName = Release;
		};
		7F1B97BB286A424A0087AC47 /* Build configuration list for PBXNativeTarget "InstagramUITests" */ = {
			isa = XCConfigurationList;
			buildConfigurations = (
				7F1B97BC286A424A0087AC47 /* Debug */,
				7F1B97BD286A424A0087AC47 /* Release */,
			);
			defaultConfigurationIsVisible = 0;
			defaultConfigurationName = Release;
		};
/* End XCConfigurationList section */
	};
	rootObject = 7F1B977E286A42480087AC47 /* Project object */;
}
